
Microsoft Visual Studio Solution File, Format Version 12.00
# Visual Studio Version 17
VisualStudioVersion = 17.4.33103.184
MinimumVisualStudioVersion = 10.0.40219.1
Project("{FAE04EC0-301F-11D3-BF4B-00C04F79EFBC}") = "CRMTestFramework", "CRMTestFramework.csproj", "{AF7F0D73-FF78-48B7-A72E-25688B8CDC40}"
EndProject
Global
	GlobalSection(SolutionConfigurationPlatforms) = preSolution
		Debug|Any CPU = Debug|Any CPU
		Release|Any CPU = Release|Any CPU
	EndGlobalSection
	GlobalSection(ProjectConfigurationPlatforms) = postSolution
		{AF7F0D73-FF78-48B7-A72E-25688B8CDC40}.Debug|Any CPU.ActiveCfg = Debug|Any CPU
		{AF7F0D73-FF78-48B7-A72E-25688B8CDC40}.Debug|Any CPU.Build.0 = Debug|Any CPU
		{AF7F0D73-FF78-48B7-A72E-25688B8CDC40}.Release|Any CPU.ActiveCfg = Release|Any CPU
		{AF7F0D73-FF78-48B7-A72E-25688B8CDC40}.Release|Any CPU.Build.0 = Release|Any CPU
	EndGlobalSection
	GlobalSection(SolutionProperties) = preSolution
		HideSolutionNode = FALSE
	EndGlobalSection
	GlobalSection(ExtensibilityGlobals) = postSolution
		SolutionGuid = {3774EC37-56E9-4EF8-B0C0-0549B44B61CE}
	EndGlobalSection
EndGlobal
